
Microsoft Visual Studio Solution File, Format Version 12.00
# Visual Studio Version 16
VisualStudioVersion = 16.0.31402.337
MinimumVisualStudioVersion = 10.0.40219.1
Project("{9A19103F-16F7-4668-BE54-9A1E7A4F7556}") = "Tests", "Tests\Tests.csproj", "{98FCEB89-0CAB-40B8-9084-54D3190B250E}"
EndProject
Project("{9A19103F-16F7-4668-BE54-9A1E7A4F7556}") = "Extensions", "Extensions\Extensions.csproj", "{1F799ECE-E6A7-4473-AEEF-0771301B976C}"
EndProject
Global
	GlobalSection(SolutionConfigurationPlatforms) = preSolution
		Debug|Any CPU = Debug|Any CPU
		Release|Any CPU = Release|Any CPU
	EndGlobalSection
	GlobalSection(ProjectConfigurationPlatforms) = postSolution
		{98FCEB89-0CAB-40B8-9084-54D3190B250E}.Debug|Any CPU.ActiveCfg = Debug|Any CPU
		{98FCEB89-0CAB-40B8-9084-54D3190B250E}.Debug|Any CPU.Build.0 = Debug|Any CPU
		{98FCEB89-0CAB-40B8-9084-54D3190B250E}.Release|Any CPU.ActiveCfg = Release|Any CPU
		{98FCEB89-0CAB-40B8-9084-54D3190B250E}.Release|Any CPU.Build.0 = Release|Any CPU
		{1F799ECE-E6A7-4473-AEEF-0771301B976C}.Debug|Any CPU.ActiveCfg = Debug|Any CPU
		{1F799ECE-E6A7-4473-AEEF-0771301B976C}.Debug|Any CPU.Build.0 = Debug|Any CPU
		{1F799ECE-E6A7-4473-AEEF-0771301B976C}.Release|Any CPU.ActiveCfg = Release|Any CPU
		{1F799ECE-E6A7-4473-AEEF-0771301B976C}.Release|Any CPU.Build.0 = Release|Any CPU
	EndGlobalSection
	GlobalSection(SolutionProperties) = preSolution
		HideSolutionNode = FALSE
	EndGlobalSection
	GlobalSection(ExtensibilityGlobals) = postSolution
		SolutionGuid = {72F2BA58-7B61-45FA-BE39-44236286291F}
	EndGlobalSection
EndGlobal
